
Microsoft Visual Studio Solution File, Format Version 12.00
# Visual Studio Version 17
VisualStudioVersion = 17.11.35303.130
MinimumVisualStudioVersion = 10.0.40219.1
Project("{FAE04EC0-301F-11D3-BF4B-00C04F79EFBC}") = "SudokuGame", "SudokuGame\SudokuGame.csproj", "{38536924-D1D6-423F-873A-DD0BA80F6EB3}"
EndProject
Global
	GlobalSection(SolutionConfigurationPlatforms) = preSolution
		Debug|Any CPU = Debug|Any CPU
		Release|Any CPU = Release|Any CPU
	EndGlobalSection
	GlobalSection(ProjectConfigurationPlatforms) = postSolution
		{38536924-D1D6-423F-873A-DD0BA80F6EB3}.Debug|Any CPU.ActiveCfg = Debug|Any CPU
		{38536924-D1D6-423F-873A-DD0BA80F6EB3}.Debug|Any CPU.Build.0 = Debug|Any CPU
		{38536924-D1D6-423F-873A-DD0BA80F6EB3}.Release|Any CPU.ActiveCfg = Release|Any CPU
		{38536924-D1D6-423F-873A-DD0BA80F6EB3}.Release|Any CPU.Build.0 = Release|Any CPU
	EndGlobalSection
	GlobalSection(SolutionProperties) = preSolution
		HideSolutionNode = FALSE
	EndGlobalSection
	GlobalSection(ExtensibilityGlobals) = postSolution
		SolutionGuid = {97ECF712-6ECA-44CC-89C3-414C2D6F12BF}
	EndGlobalSection
EndGlobal
